
Microsoft Visual Studio Solution File, Format Version 12.00
# Visual Studio Version 17
VisualStudioVersion = 17.11.35312.102
MinimumVisualStudioVersion = 10.0.40219.1
Project("{FAE04EC0-301F-11D3-BF4B-00C04F79EFBC}") = "MyFirstApi", "MyFirstApi.csproj", "{FA00EAAA-4412-4440-AC37-1F13E6BECAFD}"
EndProject
Global
	GlobalSection(SolutionConfigurationPlatforms) = preSolution
		Debug|Any CPU = Debug|Any CPU
		Release|Any CPU = Release|Any CPU
	EndGlobalSection
	GlobalSection(ProjectConfigurationPlatforms) = postSolution
		{FA00EAAA-4412-4440-AC37-1F13E6BECAFD}.Debug|Any CPU.ActiveCfg = Debug|Any CPU
		{FA00EAAA-4412-4440-AC37-1F13E6BECAFD}.Debug|Any CPU.Build.0 = Debug|Any CPU
		{FA00EAAA-4412-4440-AC37-1F13E6BECAFD}.Release|Any CPU.ActiveCfg = Release|Any CPU
		{FA00EAAA-4412-4440-AC37-1F13E6BECAFD}.Release|Any CPU.Build.0 = Release|Any CPU
	EndGlobalSection
	GlobalSection(SolutionProperties) = preSolution
		HideSolutionNode = FALSE
	EndGlobalSection
	GlobalSection(ExtensibilityGlobals) = postSolution
		SolutionGuid = {B659616E-607A-4560-B4A6-B1E91853D972}
	EndGlobalSection
EndGlobal
